
Microsoft Visual Studio Solution File, Format Version 12.00
# Visual Studio 2012
Project("{FAE04EC0-301F-11D3-BF4B-00C04F79EFBC}") = "selectsort", "selectsort\selectsort.csproj", "{6C53F0A8-F907-46D0-B51E-C69C84F90795}"
EndProject
Global
	GlobalSection(SolutionConfigurationPlatforms) = preSolution
		Debug|Any CPU = Debug|Any CPU
		Release|Any CPU = Release|Any CPU
	EndGlobalSection
	GlobalSection(ProjectConfigurationPlatforms) = postSolution
		{6C53F0A8-F907-46D0-B51E-C69C84F90795}.Debug|Any CPU.ActiveCfg = Debug|Any CPU
		{6C53F0A8-F907-46D0-B51E-C69C84F90795}.Debug|Any CPU.Build.0 = Debug|Any CPU
		{6C53F0A8-F907-46D0-B51E-C69C84F90795}.Release|Any CPU.ActiveCfg = Release|Any CPU
		{6C53F0A8-F907-46D0-B51E-C69C84F90795}.Release|Any CPU.Build.0 = Release|Any CPU
	EndGlobalSection
	GlobalSection(SolutionProperties) = preSolution
		HideSolutionNode = FALSE
	EndGlobalSection
EndGlobal
