
Microsoft Visual Studio Solution File, Format Version 11.00
# Visual Studio 2010
Project("{FAE04EC0-301F-11D3-BF4B-00C04F79EFBC}") = "PicyLifte", "PicyLifte\PicyLifte.csproj", "{74fa06f2-915f-46e2-91ec-e3b06448ada8}"
EndProject
Global
	GlobalSection(SolutionConfigurationPlatforms) = preSolution
		Debug|Any CPU = Debug|Any CPU
		Release|Any CPU = Release|Any CPU
	EndGlobalSection
	GlobalSection(ProjectConfigurationPlatforms) = postSolution
		{74FA06F2-915F-46E2-91EC-E3B06448ADA8}.Debug|Any CPU.ActiveCfg = Debug|Any CPU
		{74FA06F2-915F-46E2-91EC-E3B06448ADA8}.Debug|Any CPU.Build.0 = Debug|Any CPU
		{74FA06F2-915F-46E2-91EC-E3B06448ADA8}.Release|Any CPU.ActiveCfg = Release|Any CPU
		{74FA06F2-915F-46E2-91EC-E3B06448ADA8}.Release|Any CPU.Build.0 = Release|Any CPU
	EndGlobalSection
EndGlobal
